
Microsoft Visual Studio Solution File, Format Version 12.00
# Visual Studio 15
VisualStudioVersion = 15.0.28307.168
MinimumVisualStudioVersion = 10.0.40219.1
Project("{FAE04EC0-301F-11D3-BF4B-00C04F79EFBC}") = "GameOfLife.Console", "GameOfLife\GameOfLife.Console.csproj", "{89A49E82-8329-4D53-95EA-21C9887132AA}"
EndProject
Project("{FAE04EC0-301F-11D3-BF4B-00C04F79EFBC}") = "GameOfLife.Test", "GameOfLife.Test\GameOfLife.Test.csproj", "{632A0EDD-13F9-4E5A-A1B3-E297B1EE70A6}"
EndProject
Project("{FAE04EC0-301F-11D3-BF4B-00C04F79EFBC}") = "GameOfLife.Core", "GameOfLife.Core\GameOfLife.Core.csproj", "{679C8CD2-5989-4196-AB9B-F60C5B28F5EE}"
EndProject
Project("{FAE04EC0-301F-11D3-BF4B-00C04F79EFBC}") = "GameOfLife.WinForms", "GameOfLife.WinForms\GameOfLife.WinForms.csproj", "{31FCB389-17CC-4604-9250-738B579D150C}"
EndProject
Global
	GlobalSection(SolutionConfigurationPlatforms) = preSolution
		Debug|Any CPU = Debug|Any CPU
		Release|Any CPU = Release|Any CPU
	EndGlobalSection
	GlobalSection(ProjectConfigurationPlatforms) = postSolution
		{89A49E82-8329-4D53-95EA-21C9887132AA}.Debug|Any CPU.ActiveCfg = Debug|Any CPU
		{89A49E82-8329-4D53-95EA-21C9887132AA}.Debug|Any CPU.Build.0 = Debug|Any CPU
		{89A49E82-8329-4D53-95EA-21C9887132AA}.Release|Any CPU.ActiveCfg = Release|Any CPU
		{89A49E82-8329-4D53-95EA-21C9887132AA}.Release|Any CPU.Build.0 = Release|Any CPU
		{632A0EDD-13F9-4E5A-A1B3-E297B1EE70A6}.Debug|Any CPU.ActiveCfg = Debug|Any CPU
		{632A0EDD-13F9-4E5A-A1B3-E297B1EE70A6}.Debug|Any CPU.Build.0 = Debug|Any CPU
		{632A0EDD-13F9-4E5A-A1B3-E297B1EE70A6}.Release|Any CPU.ActiveCfg = Release|Any CPU
		{632A0EDD-13F9-4E5A-A1B3-E297B1EE70A6}.Release|Any CPU.Build.0 = Release|Any CPU
		{679C8CD2-5989-4196-AB9B-F60C5B28F5EE}.Debug|Any CPU.ActiveCfg = Debug|Any CPU
		{679C8CD2-5989-4196-AB9B-F60C5B28F5EE}.Debug|Any CPU.Build.0 = Debug|Any CPU
		{679C8CD2-5989-4196-AB9B-F60C5B28F5EE}.Release|Any CPU.ActiveCfg = Release|Any CPU
		{679C8CD2-5989-4196-AB9B-F60C5B28F5EE}.Release|Any CPU.Build.0 = Release|Any CPU
		{31FCB389-17CC-4604-9250-738B579D150C}.Debug|Any CPU.ActiveCfg = Debug|Any CPU
		{31FCB389-17CC-4604-9250-738B579D150C}.Debug|Any CPU.Build.0 = Debug|Any CPU
		{31FCB389-17CC-4604-9250-738B579D150C}.Release|Any CPU.ActiveCfg = Release|Any CPU
		{31FCB389-17CC-4604-9250-738B579D150C}.Release|Any CPU.Build.0 = Release|Any CPU
	EndGlobalSection
	GlobalSection(SolutionProperties) = preSolution
		HideSolutionNode = FALSE
	EndGlobalSection
	GlobalSection(ExtensibilityGlobals) = postSolution
		SolutionGuid = {B205FB03-2B62-4B43-BF72-F053945DCBF2}
	EndGlobalSection
EndGlobal
